
Microsoft Visual Studio Solution File, Format Version 12.00
# Visual Studio Version 17
VisualStudioVersion = 17.11.35312.102
MinimumVisualStudioVersion = 10.0.40219.1
Project("{9A19103F-16F7-4668-BE54-9A1E7A4F7556}") = "ServiceApp.UI", "ServiceApp.UI\ServiceApp.UI\ServiceApp.UI.csproj", "{14F76F63-A732-48C9-9FB5-4CD7A9FD1632}"
EndProject
Project("{9A19103F-16F7-4668-BE54-9A1E7A4F7556}") = "ServiceApp.UI.Client", "ServiceApp.UI\ServiceApp.UI.Client\ServiceApp.UI.Client.csproj", "{82BC2FCA-8438-4D6E-8B5C-BC7648EE611E}"
EndProject
Project("{FAE04EC0-301F-11D3-BF4B-00C04F79EFBC}") = "ServiceApp.Infrastructure", "ServiceApp.Infrastructure\ServiceApp.Infrastructure.csproj", "{84D02DBC-3B37-4CA7-B585-ECD3CB5E082C}"
EndProject
Project("{FAE04EC0-301F-11D3-BF4B-00C04F79EFBC}") = "ServiceApp.Domain", "ServiceApp.Domain\ServiceApp.Domain.csproj", "{B49CB899-C7AF-4D1A-ADFD-D64CCB23DB03}"
EndProject
Project("{FAE04EC0-301F-11D3-BF4B-00C04F79EFBC}") = "ServiceApp.Application", "ServiceApp.Application\ServiceApp.Application.csproj", "{38C97EAE-F97A-4ED4-A306-D12FA4FC2FC3}"
EndProject
Global
	GlobalSection(SolutionConfigurationPlatforms) = preSolution
		Debug|Any CPU = Debug|Any CPU
		Release|Any CPU = Release|Any CPU
	EndGlobalSection
	GlobalSection(ProjectConfigurationPlatforms) = postSolution
		{14F76F63-A732-48C9-9FB5-4CD7A9FD1632}.Debug|Any CPU.ActiveCfg = Debug|Any CPU
		{14F76F63-A732-48C9-9FB5-4CD7A9FD1632}.Debug|Any CPU.Build.0 = Debug|Any CPU
		{14F76F63-A732-48C9-9FB5-4CD7A9FD1632}.Release|Any CPU.ActiveCfg = Release|Any CPU
		{14F76F63-A732-48C9-9FB5-4CD7A9FD1632}.Release|Any CPU.Build.0 = Release|Any CPU
		{82BC2FCA-8438-4D6E-8B5C-BC7648EE611E}.Debug|Any CPU.ActiveCfg = Debug|Any CPU
		{82BC2FCA-8438-4D6E-8B5C-BC7648EE611E}.Debug|Any CPU.Build.0 = Debug|Any CPU
		{82BC2FCA-8438-4D6E-8B5C-BC7648EE611E}.Release|Any CPU.ActiveCfg = Release|Any CPU
		{82BC2FCA-8438-4D6E-8B5C-BC7648EE611E}.Release|Any CPU.Build.0 = Release|Any CPU
		{84D02DBC-3B37-4CA7-B585-ECD3CB5E082C}.Debug|Any CPU.ActiveCfg = Debug|Any CPU
		{84D02DBC-3B37-4CA7-B585-ECD3CB5E082C}.Debug|Any CPU.Build.0 = Debug|Any CPU
		{84D02DBC-3B37-4CA7-B585-ECD3CB5E082C}.Release|Any CPU.ActiveCfg = Release|Any CPU
		{84D02DBC-3B37-4CA7-B585-ECD3CB5E082C}.Release|Any CPU.Build.0 = Release|Any CPU
		{B49CB899-C7AF-4D1A-ADFD-D64CCB23DB03}.Debug|Any CPU.ActiveCfg = Debug|Any CPU
		{B49CB899-C7AF-4D1A-ADFD-D64CCB23DB03}.Debug|Any CPU.Build.0 = Debug|Any CPU
		{B49CB899-C7AF-4D1A-ADFD-D64CCB23DB03}.Release|Any CPU.ActiveCfg = Release|Any CPU
		{B49CB899-C7AF-4D1A-ADFD-D64CCB23DB03}.Release|Any CPU.Build.0 = Release|Any CPU
		{38C97EAE-F97A-4ED4-A306-D12FA4FC2FC3}.Debug|Any CPU.ActiveCfg = Debug|Any CPU
		{38C97EAE-F97A-4ED4-A306-D12FA4FC2FC3}.Debug|Any CPU.Build.0 = Debug|Any CPU
		{38C97EAE-F97A-4ED4-A306-D12FA4FC2FC3}.Release|Any CPU.ActiveCfg = Release|Any CPU
		{38C97EAE-F97A-4ED4-A306-D12FA4FC2FC3}.Release|Any CPU.Build.0 = Release|Any CPU
	EndGlobalSection
	GlobalSection(SolutionProperties) = preSolution
		HideSolutionNode = FALSE
	EndGlobalSection
	GlobalSection(ExtensibilityGlobals) = postSolution
		SolutionGuid = {FDAEF9AF-3C94-45FF-BF11-6CB6B26338A9}
	EndGlobalSection
EndGlobal
